lockfileVersion: '6.0'

settings:
  autoInstallPeers: true
  excludeLinksFromLockfile: false

dependencies:
  '@go-tubes/tubes-js':
    specifier: ^0.0.2
    version: 0.0.2

packages:

  /@go-tubes/tubes-js@0.0.2:
    resolution: {integrity: sha512-00DZKWNLcCN6zDI6f8R+BLuTbpRERN+hs+4OcsYtuJ5Y8oxKelXx+/BkOGljZreIAO9Q5rO8K1UIRwViqURVAg==}
    dev: false
